{
  "name": "@krasow/tty",
  "version": "1.0.2",
  "lockfileVersion": 3,
  "requires": true,
  "packages": {
    "": {
      "name": "@krasow/tty",
      "version": "1.0.2",
      "bundleDependencies": [
        "@krasow/terminal-engine"
      ],
      "license": "MIT",
      "dependencies": {
        "@krasow/terminal-engine": "file:../terminal"
      },
      "bin": {
        "krasow": "krasow.mjs"
      },
      "engines": {
        "node": ">=18"
      }
    },
    "../terminal": {
      "version": "1.0.0",
      "license": "MIT"
    },
    "node_modules/@krasow/terminal-engine": {
      "resolved": "../terminal",
      "link": true
    }
  }
}
